
Microsoft Visual Studio Solution File, Format Version 12.00
# Visual Studio Version 17
VisualStudioVersion = 17.3.32804.467
MinimumVisualStudioVersion = 10.0.40219.1
Project("{FAE04EC0-301F-11D3-BF4B-00C04F79EFBC}") = "MyTasks", "MyTasks.csproj", "{72B47622-E75E-4CEA-B832-0B6B23333A6C}"
EndProject
Global
	GlobalSection(SolutionConfigurationPlatforms) = preSolution
		Debug|Any CPU = Debug|Any CPU
		Release|Any CPU = Release|Any CPU
	EndGlobalSection
	GlobalSection(ProjectConfigurationPlatforms) = postSolution
		{72B47622-E75E-4CEA-B832-0B6B23333A6C}.Debug|Any CPU.ActiveCfg = Debug|Any CPU
		{72B47622-E75E-4CEA-B832-0B6B23333A6C}.Debug|Any CPU.Build.0 = Debug|Any CPU
		{72B47622-E75E-4CEA-B832-0B6B23333A6C}.Release|Any CPU.ActiveCfg = Release|Any CPU
		{72B47622-E75E-4CEA-B832-0B6B23333A6C}.Release|Any CPU.Build.0 = Release|Any CPU
	EndGlobalSection
	GlobalSection(SolutionProperties) = preSolution
		HideSolutionNode = FALSE
	EndGlobalSection
	GlobalSection(ExtensibilityGlobals) = postSolution
		SolutionGuid = {A18F90F1-3D36-4331-A132-90BBB2ACC563}
	EndGlobalSection
EndGlobal
